
Microsoft Visual Studio Solution File, Format Version 12.00
# Visual Studio 2013
VisualStudioVersion = 12.0.40629.0
MinimumVisualStudioVersion = 10.0.40219.1
Project("{FAE04EC0-301F-11D3-BF4B-00C04F79EFBC}") = "BMS", "BMS\BMS.csproj", "{6778AAFE-5838-40CB-ACF0-A09BB550241D}"
EndProject
Project("{FAE04EC0-301F-11D3-BF4B-00C04F79EFBC}") = "Forms", "Forms\Forms.csproj", "{B9622161-59BF-420D-A676-8CEFC7A14EB1}"
EndProject
Project("{FAE04EC0-301F-11D3-BF4B-00C04F79EFBC}") = "Utilities", "Utilities\Utilities.csproj", "{696AFDD3-6160-42FA-93AC-CBDBFE97233F}"
EndProject
Project("{FAE04EC0-301F-11D3-BF4B-00C04F79EFBC}") = "BaseBusiness", "BaseBusiness\BaseBusiness.csproj", "{059AE159-539C-41C2-B62B-5C246731BD48}"
EndProject
Project("{FAE04EC0-301F-11D3-BF4B-00C04F79EFBC}") = "TPABusiness", "TPABusiness\TPABusiness.csproj", "{7C4E7BC3-FA23-4AD1-BAA0-F2AF72D2FBAE}"
EndProject
Project("{FAE04EC0-301F-11D3-BF4B-00C04F79EFBC}") = "UpdatePriceService", "WinServiceProject\UpdatePriceService.csproj", "{7B4403E4-CD37-4548-BDDD-B15179EA6C2B}"
EndProject
Project("{FAE04EC0-301F-11D3-BF4B-00C04F79EFBC}") = "IEBusiness", "IEBusiness\IEBusiness.csproj", "{0125E90C-0B73-46B5-9613-82ABC5486D5C}"
EndProject
Project("{FAE04EC0-301F-11D3-BF4B-00C04F79EFBC}") = "TestPMBusiness", "TestPMBusiness\TestPMBusiness.csproj", "{97AFA22E-3C54-4E2D-B581-21C7EFF4CE39}"
EndProject
Global
	GlobalSection(SourceCodeControl) = preSolution
		SccNumberOfProjects = 9
		SccLocalPath0 = .
		SccProjectUniqueName1 = BaseBusiness\\BaseBusiness.csproj
		SccLocalPath1 = .
		SccProjectFilePathRelativizedFromConnection1 = BaseBusiness\\
		SccProjectUniqueName2 = BMS\\BMS.csproj
		SccLocalPath2 = .
		SccProjectFilePathRelativizedFromConnection2 = BMS\\
		SccProjectUniqueName3 = Forms\\Forms.csproj
		SccLocalPath3 = .
		SccProjectFilePathRelativizedFromConnection3 = Forms\\
		SccProjectUniqueName4 = TPABusiness\\TPABusiness.csproj
		SccLocalPath4 = .
		SccProjectFilePathRelativizedFromConnection4 = TPABusiness\\
		SccProjectUniqueName5 = Utilities\\Utilities.csproj
		SccLocalPath5 = .
		SccProjectFilePathRelativizedFromConnection5 = Utilities\\
		SccProjectUniqueName6 = WinServiceProject\\UpdatePriceService.csproj
		SccLocalPath6 = .
		SccProjectFilePathRelativizedFromConnection6 = WinServiceProject\\
		SccProjectUniqueName7 = IEBusiness\\IEBusiness.csproj
		SccLocalPath7 = .
		SccProjectFilePathRelativizedFromConnection7 = IEBusiness\\
		SccProjectUniqueName8 = TestPMBusiness\\TestPMBusiness.csproj
		SccLocalPath8 = .
		SccProjectFilePathRelativizedFromConnection8 = TestPMBusiness\\
	EndGlobalSection
	GlobalSection(SolutionConfigurationPlatforms) = preSolution
		Debug|Any CPU = Debug|Any CPU
		Debug|Mixed Platforms = Debug|Mixed Platforms
		Debug|x86 = Debug|x86
		Release|Any CPU = Release|Any CPU
		Release|Mixed Platforms = Release|Mixed Platforms
		Release|x86 = Release|x86
	EndGlobalSection
	GlobalSection(ProjectConfigurationPlatforms) = postSolution
		{6778AAFE-5838-40CB-ACF0-A09BB550241D}.Debug|Any CPU.ActiveCfg = Debug|Any CPU
		{6778AAFE-5838-40CB-ACF0-A09BB550241D}.Debug|Any CPU.Build.0 = Debug|Any CPU
		{6778AAFE-5838-40CB-ACF0-A09BB550241D}.Debug|Mixed Platforms.ActiveCfg = Debug|x86
		{6778AAFE-5838-40CB-ACF0-A09BB550241D}.Debug|Mixed Platforms.Build.0 = Debug|x86
		{6778AAFE-5838-40CB-ACF0-A09BB550241D}.Debug|x86.ActiveCfg = Debug|x86
		{6778AAFE-5838-40CB-ACF0-A09BB550241D}.Debug|x86.Build.0 = Debug|x86
		{6778AAFE-5838-40CB-ACF0-A09BB550241D}.Release|Any CPU.ActiveCfg = Release|Any CPU
		{6778AAFE-5838-40CB-ACF0-A09BB550241D}.Release|Any CPU.Build.0 = Release|Any CPU
		{6778AAFE-5838-40CB-ACF0-A09BB550241D}.Release|Mixed Platforms.ActiveCfg = Release|x86
		{6778AAFE-5838-40CB-ACF0-A09BB550241D}.Release|Mixed Platforms.Build.0 = Release|x86
		{6778AAFE-5838-40CB-ACF0-A09BB550241D}.Release|x86.ActiveCfg = Release|x86
		{6778AAFE-5838-40CB-ACF0-A09BB550241D}.Release|x86.Build.0 = Release|x86
		{B9622161-59BF-420D-A676-8CEFC7A14EB1}.Debug|Any CPU.ActiveCfg = Debug|Any CPU
		{B9622161-59BF-420D-A676-8CEFC7A14EB1}.Debug|Any CPU.Build.0 = Debug|Any CPU
		{B9622161-59BF-420D-A676-8CEFC7A14EB1}.Debug|Mixed Platforms.ActiveCfg = Debug|x86
		{B9622161-59BF-420D-A676-8CEFC7A14EB1}.Debug|Mixed Platforms.Build.0 = Debug|x86
		{B9622161-59BF-420D-A676-8CEFC7A14EB1}.Debug|x86.ActiveCfg = Debug|x86
		{B9622161-59BF-420D-A676-8CEFC7A14EB1}.Debug|x86.Build.0 = Debug|x86
		{B9622161-59BF-420D-A676-8CEFC7A14EB1}.Release|Any CPU.ActiveCfg = Release|Any CPU
		{B9622161-59BF-420D-A676-8CEFC7A14EB1}.Release|Any CPU.Build.0 = Release|Any CPU
		{B9622161-59BF-420D-A676-8CEFC7A14EB1}.Release|Mixed Platforms.ActiveCfg = Release|x86
		{B9622161-59BF-420D-A676-8CEFC7A14EB1}.Release|Mixed Platforms.Build.0 = Release|x86
		{B9622161-59BF-420D-A676-8CEFC7A14EB1}.Release|x86.ActiveCfg = Release|x86
		{B9622161-59BF-420D-A676-8CEFC7A14EB1}.Release|x86.Build.0 = Release|x86
		{696AFDD3-6160-42FA-93AC-CBDBFE97233F}.Debug|Any CPU.ActiveCfg = Debug|Any CPU
		{696AFDD3-6160-42FA-93AC-CBDBFE97233F}.Debug|Any CPU.Build.0 = Debug|Any CPU
		{696AFDD3-6160-42FA-93AC-CBDBFE97233F}.Debug|Mixed Platforms.ActiveCfg = Debug|x86
		{696AFDD3-6160-42FA-93AC-CBDBFE97233F}.Debug|Mixed Platforms.Build.0 = Debug|x86
		{696AFDD3-6160-42FA-93AC-CBDBFE97233F}.Debug|x86.ActiveCfg = Debug|x86
		{696AFDD3-6160-42FA-93AC-CBDBFE97233F}.Debug|x86.Build.0 = Debug|x86
		{696AFDD3-6160-42FA-93AC-CBDBFE97233F}.Release|Any CPU.ActiveCfg = Release|Any CPU
		{696AFDD3-6160-42FA-93AC-CBDBFE97233F}.Release|Any CPU.Build.0 = Release|Any CPU
		{696AFDD3-6160-42FA-93AC-CBDBFE97233F}.Release|Mixed Platforms.ActiveCfg = Release|x86
		{696AFDD3-6160-42FA-93AC-CBDBFE97233F}.Release|Mixed Platforms.Build.0 = Release|x86
		{696AFDD3-6160-42FA-93AC-CBDBFE97233F}.Release|x86.ActiveCfg = Release|x86
		{696AFDD3-6160-42FA-93AC-CBDBFE97233F}.Release|x86.Build.0 = Release|x86
		{059AE159-539C-41C2-B62B-5C246731BD48}.Debug|Any CPU.ActiveCfg = Debug|Any CPU
		{059AE159-539C-41C2-B62B-5C246731BD48}.Debug|Any CPU.Build.0 = Debug|Any CPU
		{059AE159-539C-41C2-B62B-5C246731BD48}.Debug|Mixed Platforms.ActiveCfg = Debug|x86
		{059AE159-539C-41C2-B62B-5C246731BD48}.Debug|Mixed Platforms.Build.0 = Debug|x86
		{059AE159-539C-41C2-B62B-5C246731BD48}.Debug|x86.ActiveCfg = Debug|x86
		{059AE159-539C-41C2-B62B-5C246731BD48}.Debug|x86.Build.0 = Debug|x86
		{059AE159-539C-41C2-B62B-5C246731BD48}.Release|Any CPU.ActiveCfg = Release|Any CPU
		{059AE159-539C-41C2-B62B-5C246731BD48}.Release|Any CPU.Build.0 = Release|Any CPU
		{059AE159-539C-41C2-B62B-5C246731BD48}.Release|Mixed Platforms.ActiveCfg = Release|x86
		{059AE159-539C-41C2-B62B-5C246731BD48}.Release|Mixed Platforms.Build.0 = Release|x86
		{059AE159-539C-41C2-B62B-5C246731BD48}.Release|x86.ActiveCfg = Release|x86
		{059AE159-539C-41C2-B62B-5C246731BD48}.Release|x86.Build.0 = Release|x86
		{7C4E7BC3-FA23-4AD1-BAA0-F2AF72D2FBAE}.Debug|Any CPU.ActiveCfg = Debug|Any CPU
		{7C4E7BC3-FA23-4AD1-BAA0-F2AF72D2FBAE}.Debug|Any CPU.Build.0 = Debug|Any CPU
		{7C4E7BC3-FA23-4AD1-BAA0-F2AF72D2FBAE}.Debug|Mixed Platforms.ActiveCfg = Debug|x86
		{7C4E7BC3-FA23-4AD1-BAA0-F2AF72D2FBAE}.Debug|Mixed Platforms.Build.0 = Debug|x86
		{7C4E7BC3-FA23-4AD1-BAA0-F2AF72D2FBAE}.Debug|x86.ActiveCfg = Debug|x86
		{7C4E7BC3-FA23-4AD1-BAA0-F2AF72D2FBAE}.Debug|x86.Build.0 = Debug|x86
		{7C4E7BC3-FA23-4AD1-BAA0-F2AF72D2FBAE}.Release|Any CPU.ActiveCfg = Release|Any CPU
		{7C4E7BC3-FA23-4AD1-BAA0-F2AF72D2FBAE}.Release|Any CPU.Build.0 = Release|Any CPU
		{7C4E7BC3-FA23-4AD1-BAA0-F2AF72D2FBAE}.Release|Mixed Platforms.ActiveCfg = Release|x86
		{7C4E7BC3-FA23-4AD1-BAA0-F2AF72D2FBAE}.Release|Mixed Platforms.Build.0 = Release|x86
		{7C4E7BC3-FA23-4AD1-BAA0-F2AF72D2FBAE}.Release|x86.ActiveCfg = Release|x86
		{7C4E7BC3-FA23-4AD1-BAA0-F2AF72D2FBAE}.Release|x86.Build.0 = Release|x86
		{7B4403E4-CD37-4548-BDDD-B15179EA6C2B}.Debug|Any CPU.ActiveCfg = Debug|x86
		{7B4403E4-CD37-4548-BDDD-B15179EA6C2B}.Debug|Mixed Platforms.ActiveCfg = Debug|x86
		{7B4403E4-CD37-4548-BDDD-B15179EA6C2B}.Debug|Mixed Platforms.Build.0 = Debug|x86
		{7B4403E4-CD37-4548-BDDD-B15179EA6C2B}.Debug|x86.ActiveCfg = Debug|x86
		{7B4403E4-CD37-4548-BDDD-B15179EA6C2B}.Debug|x86.Build.0 = Debug|x86
		{7B4403E4-CD37-4548-BDDD-B15179EA6C2B}.Release|Any CPU.ActiveCfg = Release|x86
		{7B4403E4-CD37-4548-BDDD-B15179EA6C2B}.Release|Mixed Platforms.ActiveCfg = Release|x86
		{7B4403E4-CD37-4548-BDDD-B15179EA6C2B}.Release|Mixed Platforms.Build.0 = Release|x86
		{7B4403E4-CD37-4548-BDDD-B15179EA6C2B}.Release|x86.ActiveCfg = Release|x86
		{7B4403E4-CD37-4548-BDDD-B15179EA6C2B}.Release|x86.Build.0 = Release|x86
		{0125E90C-0B73-46B5-9613-82ABC5486D5C}.Debug|Any CPU.ActiveCfg = Debug|Any CPU
		{0125E90C-0B73-46B5-9613-82ABC5486D5C}.Debug|Any CPU.Build.0 = Debug|Any CPU
		{0125E90C-0B73-46B5-9613-82ABC5486D5C}.Debug|Mixed Platforms.ActiveCfg = Debug|x86
		{0125E90C-0B73-46B5-9613-82ABC5486D5C}.Debug|Mixed Platforms.Build.0 = Debug|x86
		{0125E90C-0B73-46B5-9613-82ABC5486D5C}.Debug|x86.ActiveCfg = Debug|x86
		{0125E90C-0B73-46B5-9613-82ABC5486D5C}.Debug|x86.Build.0 = Debug|x86
		{0125E90C-0B73-46B5-9613-82ABC5486D5C}.Release|Any CPU.ActiveCfg = Release|Any CPU
		{0125E90C-0B73-46B5-9613-82ABC5486D5C}.Release|Any CPU.Build.0 = Release|Any CPU
		{0125E90C-0B73-46B5-9613-82ABC5486D5C}.Release|Mixed Platforms.ActiveCfg = Release|x86
		{0125E90C-0B73-46B5-9613-82ABC5486D5C}.Release|Mixed Platforms.Build.0 = Release|x86
		{0125E90C-0B73-46B5-9613-82ABC5486D5C}.Release|x86.ActiveCfg = Release|x86
		{0125E90C-0B73-46B5-9613-82ABC5486D5C}.Release|x86.Build.0 = Release|x86
		{97AFA22E-3C54-4E2D-B581-21C7EFF4CE39}.Debug|Any CPU.ActiveCfg = Debug|Any CPU
		{97AFA22E-3C54-4E2D-B581-21C7EFF4CE39}.Debug|Any CPU.Build.0 = Debug|Any CPU
		{97AFA22E-3C54-4E2D-B581-21C7EFF4CE39}.Debug|Mixed Platforms.ActiveCfg = Debug|Any CPU
		{97AFA22E-3C54-4E2D-B581-21C7EFF4CE39}.Debug|Mixed Platforms.Build.0 = Debug|Any CPU
		{97AFA22E-3C54-4E2D-B581-21C7EFF4CE39}.Debug|x86.ActiveCfg = Debug|Any CPU
		{97AFA22E-3C54-4E2D-B581-21C7EFF4CE39}.Release|Any CPU.ActiveCfg = Release|Any CPU
		{97AFA22E-3C54-4E2D-B581-21C7EFF4CE39}.Release|Any CPU.Build.0 = Release|Any CPU
		{97AFA22E-3C54-4E2D-B581-21C7EFF4CE39}.Release|Mixed Platforms.ActiveCfg = Release|Any CPU
		{97AFA22E-3C54-4E2D-B581-21C7EFF4CE39}.Release|Mixed Platforms.Build.0 = Release|Any CPU
		{97AFA22E-3C54-4E2D-B581-21C7EFF4CE39}.Release|x86.ActiveCfg = Release|Any CPU
	EndGlobalSection
	GlobalSection(SolutionProperties) = preSolution
		HideSolutionNode = FALSE
	EndGlobalSection
EndGlobal
