
Microsoft Visual Studio Solution File, Format Version 11.00
# Visual Studio 2010
Project("{F184B08F-C81C-45F6-A57F-5ABD9991F28F}") = "UpdateVersion", "UpdateVersion\UpdateVersion.vbproj", "{FA763599-4B07-454A-BA3F-B8693E1A2B1F}"
EndProject
Global
	GlobalSection(SolutionConfigurationPlatforms) = preSolution
		Debug|x86 = Debug|x86
		Release|x86 = Release|x86
	EndGlobalSection
	GlobalSection(ProjectConfigurationPlatforms) = postSolution
		{FA763599-4B07-454A-BA3F-B8693E1A2B1F}.Debug|x86.ActiveCfg = Debug|x86
		{FA763599-4B07-454A-BA3F-B8693E1A2B1F}.Debug|x86.Build.0 = Debug|x86
		{FA763599-4B07-454A-BA3F-B8693E1A2B1F}.Release|x86.ActiveCfg = Release|x86
		{FA763599-4B07-454A-BA3F-B8693E1A2B1F}.Release|x86.Build.0 = Release|x86
	EndGlobalSection
	GlobalSection(SolutionProperties) = preSolution
		HideSolutionNode = FALSE
	EndGlobalSection
EndGlobal
